// !$*UTF8*$!
{
	archiveVersion = 1;
	classes = {
	};
	objectVersion = 50;
	objects = {

/* Begin PBXBuildFile section */
		1538A672266BA26D00257F67 /* CarTrackRepoApp.swift in Sources */ = {isa = PBXBuildFile; fileRef = 1538A671266BA26D00257F67 /* CarTrackRepoApp.swift */; };
		1538A674266BA26D00257F67 /* ContentView.swift in Sources */ = {isa = PBXBuildFile; fileRef = 1538A673266BA26D00257F67 /* ContentView.swift */; };
		1538A676266BA26E00257F67 /* Assets.xcassets in Resources */ = {isa = PBXBuildFile; fileRef = 1538A675266BA26E00257F67 /* Assets.xcassets */; };
		1538A679266BA26E00257F67 /* Preview Assets.xcassets in Resources */ = {isa = PBXBuildFile; fileRef = 1538A678266BA26E00257F67 /* Preview Assets.xcassets */; };
		1538A684266BA26E00257F67 /* CarTrackRepoTests.swift in Sources */ = {isa = PBXBuildFile; fileRef = 1538A683266BA26E00257F67 /* CarTrackRepoTests.swift */; };
		1538A68F266BA26E00257F67 /* CarTrackRepoUITests.swift in Sources */ = {isa = PBXBuildFile; fileRef = 1538A68E266BA26E00257F67 /* CarTrackRepoUITests.swift */; };
/* End PBXBuildFile section */

/* Begin PBXContainerItemProxy section */
		1538A680266BA26E00257F67 /* PBXContainerItemProxy */ = {
			isa = PBXContainerItemProxy;
			containerPortal = 1538A666266BA26D00257F67 /* Project object */;
			proxyType = 1;
			remoteGlobalIDString = 1538A66D266BA26D00257F67;
			remoteInfo = CarTrackRepo;
		};
		1538A68B266BA26E00257F67 /* PBXContainerItemProxy */ = {
			isa = PBXContainerItemProxy;
			containerPortal = 1538A666266BA26D00257F67 /* Project object */;
			proxyType = 1;
			remoteGlobalIDString = 1538A66D266BA26D00257F67;
			remoteInfo = CarTrackRepo;
		};
/* End PBXContainerItemProxy section */

/* Begin PBXFileReference section */
		1538A66E266BA26D00257F67 /* CarTrackRepo.app */ = {isa = PBXFileReference; explicitFileType = wrapper.application; includeInIndex = 0; path = CarTrackRepo.app; sourceTree = BUILT_PRODUCTS_DIR; };
		1538A671266BA26D00257F67 /* CarTrackRepoApp.swift */ = {isa = PBXFileReference; lastKnownFileType = sourcecode.swift; path = CarTrackRepoApp.swift; sourceTree = "<group>"; };
		1538A673266BA26D00257F67 /* ContentView.swift */ = {isa = PBXFileReference; lastKnownFileType = sourcecode.swift; path = ContentView.swift; sourceTree = "<group>"; };
		1538A675266BA26E00257F67 /* Assets.xcassets */ = {isa = PBXFileReference; lastKnownFileType = folder.assetcatalog; path = Assets.xcassets; sourceTree = "<group>"; };
		1538A678266BA26E00257F67 /* Preview Assets.xcassets */ = {isa = PBXFileReference; lastKnownFileType = folder.assetcatalog; path = "Preview Assets.xcassets"; sourceTree = "<group>"; };
		1538A67A266BA26E00257F67 /* Info.plist */ = {isa = PBXFileReference; lastKnownFileType = text.plist.xml; path = Info.plist; sourceTree = "<group>"; };
		1538A67F266BA26E00257F67 /* CarTrackRepoTests.xctest */ = {isa = PBXFileReference; explicitFileType = wrapper.cfbundle; includeInIndex = 0; path = CarTrackRepoTests.xctest; sourceTree = BUILT_PRODUCTS_DIR; };
		1538A683266BA26E00257F67 /* CarTrackRepoTests.swift */ = {isa = PBXFileReference; lastKnownFileType = sourcecode.swift; path = CarTrackRepoTests.swift; sourceTree = "<group>"; };
		1538A685266BA26E00257F67 /* Info.plist */ = {isa = PBXFileReference; lastKnownFileType = text.plist.xml; path = Info.plist; sourceTree = "<group>"; };
		1538A68A266BA26E00257F67 /* CarTrackRepoUITests.xctest */ = {isa = PBXFileReference; explicitFileType = wrapper.cfbundle; includeInIndex = 0; path = CarTrackRepoUITests.xctest; sourceTree = BUILT_PRODUCTS_DIR; };
		1538A68E266BA26E00257F67 /* CarTrackRepoUITests.swift */ = {isa = PBXFileReference; lastKnownFileType = sourcecode.swift; path = CarTrackRepoUITests.swift; sourceTree = "<group>"; };
		1538A690266BA26E00257F67 /* Info.plist */ = {isa = PBXFileReference; lastKnownFileType = text.plist.xml; path = Info.plist; sourceTree = "<group>"; };
/* End PBXFileReference section */

/* Begin PBXFrameworksBuildPhase section */
		1538A66B266BA26D00257F67 /* Frameworks */ = {
			isa = PBXFrameworksBuildPhase;
			buildActionMask = 2147483647;
			files = (
			);
			runOnlyForDeploymentPostprocessing = 0;
		};
		1538A67C266BA26E00257F67 /* Frameworks */ = {
			isa = PBXFrameworksBuildPhase;
			buildActionMask = 2147483647;
			files = (
			);
			runOnlyForDeploymentPostprocessing = 0;
		};
		1538A687266BA26E00257F67 /* Frameworks */ = {
			isa = PBXFrameworksBuildPhase;
			buildActionMask = 2147483647;
			files = (
			);
			runOnlyForDeploymentPostprocessing = 0;
		};
/* End PBXFrameworksBuildPhase section */

/* Begin PBXGroup section */
		1538A665266BA26D00257F67 = {
			isa = PBXGroup;
			children = (
				1538A670266BA26D00257F67 /* CarTrackRepo */,
				1538A682266BA26E00257F67 /* CarTrackRepoTests */,
				1538A68D266BA26E00257F67 /* CarTrackRepoUITests */,
				1538A66F266BA26D00257F67 /* Products */,
			);
			sourceTree = "<group>";
		};
		1538A66F266BA26D00257F67 /* Products */ = {
			isa = PBXGroup;
			children = (
				1538A66E266BA26D00257F67 /* CarTrackRepo.app */,
				1538A67F266BA26E00257F67 /* CarTrackRepoTests.xctest */,
				1538A68A266BA26E00257F67 /* CarTrackRepoUITests.xctest */,
			);
			name = Products;
			sourceTree = "<group>";
		};
		1538A670266BA26D00257F67 /* CarTrackRepo */ = {
			isa = PBXGroup;
			children = (
				1538A671266BA26D00257F67 /* CarTrackRepoApp.swift */,
				1538A673266BA26D00257F67 /* ContentView.swift */,
				1538A675266BA26E00257F67 /* Assets.xcassets */,
				1538A67A266BA26E00257F67 /* Info.plist */,
				1538A677266BA26E00257F67 /* Preview Content */,
			);
			path = CarTrackRepo;
			sourceTree = "<group>";
		};
		1538A677266BA26E00257F67 /* Preview Content */ = {
			isa = PBXGroup;
			children = (
				1538A678266BA26E00257F67 /* Preview Assets.xcassets */,
			);
			path = "Preview Content";
			sourceTree = "<group>";
		};
		1538A682266BA26E00257F67 /* CarTrackRepoTests */ = {
			isa = PBXGroup;
			children = (
				1538A683266BA26E00257F67 /* CarTrackRepoTests.swift */,
				1538A685266BA26E00257F67 /* Info.plist */,
			);
			path = CarTrackRepoTests;
			sourceTree = "<group>";
		};
		1538A68D266BA26E00257F67 /* CarTrackRepoUITests */ = {
			isa = PBXGroup;
			children = (
				1538A68E266BA26E00257F67 /* CarTrackRepoUITests.swift */,
				1538A690266BA26E00257F67 /* Info.plist */,
			);
			path = CarTrackRepoUITests;
			sourceTree = "<group>";
		};
/* End PBXGroup section */

/* Begin PBXNativeTarget section */
		1538A66D266BA26D00257F67 /* CarTrackRepo */ = {
			isa = PBXNativeTarget;
			buildConfigurationList = 1538A693266BA26E00257F67 /* Build configuration list for PBXNativeTarget "CarTrackRepo" */;
			buildPhases = (
				1538A66A266BA26D00257F67 /* Sources */,
				1538A66B266BA26D00257F67 /* Frameworks */,
				1538A66C266BA26D00257F67 /* Resources */,
			);
			buildRules = (
			);
			dependencies = (
			);
			name = CarTrackRepo;
			productName = CarTrackRepo;
			productReference = 1538A66E266BA26D00257F67 /* CarTrackRepo.app */;
			productType = "com.apple.product-type.application";
		};
		1538A67E266BA26E00257F67 /* CarTrackRepoTests */ = {
			isa = PBXNativeTarget;
			buildConfigurationList = 1538A696266BA26E00257F67 /* Build configuration list for PBXNativeTarget "CarTrackRepoTests" */;
			buildPhases = (
				1538A67B266BA26E00257F67 /* Sources */,
				1538A67C266BA26E00257F67 /* Frameworks */,
				1538A67D266BA26E00257F67 /* Resources */,
			);
			buildRules = (
			);
			dependencies = (
				1538A681266BA26E00257F67 /* PBXTargetDependency */,
			);
			name = CarTrackRepoTests;
			productName = CarTrackRepoTests;
			productReference = 1538A67F266BA26E00257F67 /* CarTrackRepoTests.xctest */;
			productType = "com.apple.product-type.bundle.unit-test";
		};
		1538A689266BA26E00257F67 /* CarTrackRepoUITests */ = {
			isa = PBXNativeTarget;
			buildConfigurationList = 1538A699266BA26E00257F67 /* Build configuration list for PBXNativeTarget "CarTrackRepoUITests" */;
			buildPhases = (
				1538A686266BA26E00257F67 /* Sources */,
				1538A687266BA26E00257F67 /* Frameworks */,
				1538A688266BA26E00257F67 /* Resources */,
			);
			buildRules = (
			);
			dependencies = (
				1538A68C266BA26E00257F67 /* PBXTargetDependency */,
			);
			name = CarTrackRepoUITests;
			productName = CarTrackRepoUITests;
			productReference = 1538A68A266BA26E00257F67 /* CarTrackRepoUITests.xctest */;
			productType = "com.apple.product-type.bundle.ui-testing";
		};
/* End PBXNativeTarget section */

/* Begin PBXProject section */
		1538A666266BA26D00257F67 /* Project object */ = {
			isa = PBXProject;
			attributes = {
				LastSwiftUpdateCheck = 1240;
				LastUpgradeCheck = 1240;
				TargetAttributes = {
					1538A66D266BA26D00257F67 = {
						CreatedOnToolsVersion = 12.4;
					};
					1538A67E266BA26E00257F67 = {
						CreatedOnToolsVersion = 12.4;
						TestTargetID = 1538A66D266BA26D00257F67;
					};
					1538A689266BA26E00257F67 = {
						CreatedOnToolsVersion = 12.4;
						TestTargetID = 1538A66D266BA26D00257F67;
					};
				};
			};
			buildConfigurationList = 1538A669266BA26D00257F67 /* Build configuration list for PBXProject "CarTrackRepo" */;
			compatibilityVersion = "Xcode 9.3";
			developmentRegion = en;
			hasScannedForEncodings = 0;
			knownRegions = (
				en,
				Base,
			);
			mainGroup = 1538A665266BA26D00257F67;
			productRefGroup = 1538A66F266BA26D00257F67 /* Products */;
			projectDirPath = "";
			projectRoot = "";
			targets = (
				1538A66D266BA26D00257F67 /* CarTrackRepo */,
				1538A67E266BA26E00257F67 /* CarTrackRepoTests */,
				1538A689266BA26E00257F67 /* CarTrackRepoUITests */,
			);
		};
/* End PBXProject section */

/* Begin PBXResourcesBuildPhase section */
		1538A66C266BA26D00257F67 /* Resources */ = {
			isa = PBXResourcesBuildPhase;
			buildActionMask = 2147483647;
			files = (
				1538A679266BA26E00257F67 /* Preview Assets.xcassets in Resources */,
				1538A676266BA26E00257F67 /* Assets.xcassets in Resources */,
			);
			runOnlyForDeploymentPostprocessing = 0;
		};
		1538A67D266BA26E00257F67 /* Resources */ = {
			isa = PBXResourcesBuildPhase;
			buildActionMask = 2147483647;
			files = (
			);
			runOnlyForDeploymentPostprocessing = 0;
		};
		1538A688266BA26E00257F67 /* Resources */ = {
			isa = PBXResourcesBuildPhase;
			buildActionMask = 2147483647;
			files = (
			);
			runOnlyForDeploymentPostprocessing = 0;
		};
/* End PBXResourcesBuildPhase section */

/* Begin PBXSourcesBuildPhase section */
		1538A66A266BA26D00257F67 /* Sources */ = {
			isa = PBXSourcesBuildPhase;
			buildActionMask = 2147483647;
			files = (
				1538A674266BA26D00257F67 /* ContentView.swift in Sources */,
				1538A672266BA26D00257F67 /* CarTrackRepoApp.swift in Sources */,
			);
			runOnlyForDeploymentPostprocessing = 0;
		};
		1538A67B266BA26E00257F67 /* Sources */ = {
			isa = PBXSourcesBuildPhase;
			buildActionMask = 2147483647;
			files = (
				1538A684266BA26E00257F67 /* CarTrackRepoTests.swift in Sources */,
			);
			runOnlyForDeploymentPostprocessing = 0;
		};
		1538A686266BA26E00257F67 /* Sources */ = {
			isa = PBXSourcesBuildPhase;
			buildActionMask = 2147483647;
			files = (
				1538A68F266BA26E00257F67 /* CarTrackRepoUITests.swift in Sources */,
			);
			runOnlyForDeploymentPostprocessing = 0;
		};
/* End PBXSourcesBuildPhase section */

/* Begin PBXTargetDependency section */
		1538A681266BA26E00257F67 /* PBXTargetDependency */ = {
			isa = PBXTargetDependency;
			target = 1538A66D266BA26D00257F67 /* CarTrackRepo */;
			targetProxy = 1538A680266BA26E00257F67 /* PBXContainerItemProxy */;
		};
		1538A68C266BA26E00257F67 /* PBXTargetDependency */ = {
			isa = PBXTargetDependency;
			target = 1538A66D266BA26D00257F67 /* CarTrackRepo */;
			targetProxy = 1538A68B266BA26E00257F67 /* PBXContainerItemProxy */;
		};
/* End PBXTargetDependency section */

/* Begin XCBuildConfiguration section */
		1538A691266BA26E00257F67 /* Debug */ = {
			isa = XCBuildConfiguration;
			buildSettings = {
				ALWAYS_SEARCH_USER_PATHS = NO;
				CLANG_ANALYZER_NONNULL = YES;
				CLANG_ANALYZER_NUMBER_OBJECT_CONVERSION = YES_AGGRESSIVE;
				CLANG_CXX_LANGUAGE_STANDARD = "gnu++14";
				CLANG_CXX_LIBRARY = "libc++";
				CLANG_ENABLE_MODULES = YES;
				CLANG_ENABLE_OBJC_ARC = YES;
				CLANG_ENABLE_OBJC_WEAK = YES;
				CLANG_WARN_BLOCK_CAPTURE_AUTORELEASING = YES;
				CLANG_WARN_BOOL_CONVERSION = YES;
				CLANG_WARN_COMMA = YES;
				CLANG_WARN_CONSTANT_CONVERSION = YES;
				CLANG_WARN_DEPRECATED_OBJC_IMPLEMENTATIONS = YES;
				CLANG_WARN_DIRECT_OBJC_ISA_USAGE = YES_ERROR;
				CLANG_WARN_DOCUMENTATION_COMMENTS = YES;
				CLANG_WARN_EMPTY_BODY = YES;
				CLANG_WARN_ENUM_CONVERSION = YES;
				CLANG_WARN_INFINITE_RECURSION = YES;
				CLANG_WARN_INT_CONVERSION = YES;
				CLANG_WARN_NON_LITERAL_NULL_CONVERSION = YES;
				CLANG_WARN_OBJC_IMPLICIT_RETAIN_SELF = YES;
				CLANG_WARN_OBJC_LITERAL_CONVERSION = YES;
				CLANG_WARN_OBJC_ROOT_CLASS = YES_ERROR;
				CLANG_WARN_QUOTED_INCLUDE_IN_FRAMEWORK_HEADER = YES;
				CLANG_WARN_RANGE_LOOP_ANALYSIS = YES;
				CLANG_WARN_STRICT_PROTOTYPES = YES;
				CLANG_WARN_SUSPICIOUS_MOVE = YES;
				CLANG_WARN_UNGUARDED_AVAILABILITY = YES_AGGRESSIVE;
				CLANG_WARN_UNREACHABLE_CODE = YES;
				CLANG_WARN__DUPLICATE_METHOD_MATCH = YES;
				COPY_PHASE_STRIP = NO;
				DEBUG_INFORMATION_FORMAT = dwarf;
				ENABLE_STRICT_OBJC_MSGSEND = YES;
				ENABLE_TESTABILITY = YES;
				GCC_C_LANGUAGE_STANDARD = gnu11;
				GCC_DYNAMIC_NO_PIC = NO;
				GCC_NO_COMMON_BLOCKS = YES;
				GCC_OPTIMIZATION_LEVEL = 0;
				GCC_PREPROCESSOR_DEFINITIONS = (
					"DEBUG=1",
					"$(inherited)",
				);
				GCC_WARN_64_TO_32_BIT_CONVERSION = YES;
				GCC_WARN_ABOUT_RETURN_TYPE = YES_ERROR;
				GCC_WARN_UNDECLARED_SELECTOR = YES;
				GCC_WARN_UNINITIALIZED_AUTOS = YES_AGGRESSIVE;
				GCC_WARN_UNUSED_FUNCTION = YES;
				GCC_WARN_UNUSED_VARIABLE = YES;
				IPHONEOS_DEPLOYMENT_TARGET = 14.4;
				MTL_ENABLE_DEBUG_INFO = INCLUDE_SOURCE;
				MTL_FAST_MATH = YES;
				ONLY_ACTIVE_ARCH = YES;
				SDKROOT = iphoneos;
				SWIFT_ACTIVE_COMPILATION_CONDITIONS = DEBUG;
				SWIFT_OPTIMIZATION_LEVEL = "-Onone";
			};
			name = Debug;
		};
		1538A692266BA26E00257F67 /* Release */ = {
			isa = XCBuildConfiguration;
			buildSettings = {
				ALWAYS_SEARCH_USER_PATHS = NO;
				CLANG_ANALYZER_NONNULL = YES;
				CLANG_ANALYZER_NUMBER_OBJECT_CONVERSION = YES_AGGRESSIVE;
				CLANG_CXX_LANGUAGE_STANDARD = "gnu++14";
				CLANG_CXX_LIBRARY = "libc++";
				CLANG_ENABLE_MODULES = YES;
				CLANG_ENABLE_OBJC_ARC = YES;
				CLANG_ENABLE_OBJC_WEAK = YES;
				CLANG_WARN_BLOCK_CAPTURE_AUTORELEASING = YES;
				CLANG_WARN_BOOL_CONVERSION = YES;
				CLANG_WARN_COMMA = YES;
				CLANG_WARN_CONSTANT_CONVERSION = YES;
				CLANG_WARN_DEPRECATED_OBJC_IMPLEMENTATIONS = YES;
				CLANG_WARN_DIRECT_OBJC_ISA_USAGE = YES_ERROR;
				CLANG_WARN_DOCUMENTATION_COMMENTS = YES;
				CLANG_WARN_EMPTY_BODY = YES;
				CLANG_WARN_ENUM_CONVERSION = YES;
				CLANG_WARN_INFINITE_RECURSION = YES;
				CLANG_WARN_INT_CONVERSION = YES;
				CLANG_WARN_NON_LITERAL_NULL_CONVERSION = YES;
				CLANG_WARN_OBJC_IMPLICIT_RETAIN_SELF = YES;
				CLANG_WARN_OBJC_LITERAL_CONVERSION = YES;
				CLANG_WARN_OBJC_ROOT_CLASS = YES_ERROR;
				CLANG_WARN_QUOTED_INCLUDE_IN_FRAMEWORK_HEADER = YES;
				CLANG_WARN_RANGE_LOOP_ANALYSIS = YES;
				CLANG_WARN_STRICT_PROTOTYPES = YES;
				CLANG_WARN_SUSPICIOUS_MOVE = YES;
				CLANG_WARN_UNGUARDED_AVAILABILITY = YES_AGGRESSIVE;
				CLANG_WARN_UNREACHABLE_CODE = YES;
				CLANG_WARN__DUPLICATE_METHOD_MATCH = YES;
				COPY_PHASE_STRIP = NO;
				DEBUG_INFORMATION_FORMAT = "dwarf-with-dsym";
				ENABLE_NS_ASSERTIONS = NO;
				ENABLE_STRICT_OBJC_MSGSEND = YES;
				GCC_C_LANGUAGE_STANDARD = gnu11;
				GCC_NO_COMMON_BLOCKS = YES;
				GCC_WARN_64_TO_32_BIT_CONVERSION = YES;
				GCC_WARN_ABOUT_RETURN_TYPE = YES_ERROR;
				GCC_WARN_UNDECLARED_SELECTOR = YES;
				GCC_WARN_UNINITIALIZED_AUTOS = YES_AGGRESSIVE;
				GCC_WARN_UNUSED_FUNCTION = YES;
				GCC_WARN_UNUSED_VARIABLE = YES;
				IPHONEOS_DEPLOYMENT_TARGET = 14.4;
				MTL_ENABLE_DEBUG_INFO = NO;
				MTL_FAST_MATH = YES;
				SDKROOT = iphoneos;
				SWIFT_COMPILATION_MODE = wholemodule;
				SWIFT_OPTIMIZATION_LEVEL = "-O";
				VALIDATE_PRODUCT = YES;
			};
			name = Release;
		};
		1538A694266BA26E00257F67 /* Debug */ = {
			isa = XCBuildConfiguration;
			buildSettings = {
				ASSETCATALOG_COMPILER_APPICON_NAME = AppIcon;
				ASSETCATALOG_COMPILER_GLOBAL_ACCENT_COLOR_NAME = AccentColor;
				CODE_SIGN_STYLE = Automatic;
				DEVELOPMENT_ASSET_PATHS = "\"CarTrackRepo/Preview Content\"";
				DEVELOPMENT_TEAM = 3CJV45Q95J;
				ENABLE_PREVIEWS = YES;
				INFOPLIST_FILE = CarTrackRepo/Info.plist;
				IPHONEOS_DEPLOYMENT_TARGET = 14.0;
				LD_RUNPATH_SEARCH_PATHS = (
					"$(inherited)",
					"@executable_path/Frameworks",
				);
				PRODUCT_BUNDLE_IDENTIFIER = com.carTrack.CarTrackRepo;
				PRODUCT_NAME = "$(TARGET_NAME)";
				SWIFT_VERSION = 5.0;
				TARGETED_DEVICE_FAMILY = "1,2";
			};
			name = Debug;
		};
		1538A695266BA26E00257F67 /* Release */ = {
			isa = XCBuildConfiguration;
			buildSettings = {
				ASSETCATALOG_COMPILER_APPICON_NAME = AppIcon;
				ASSETCATALOG_COMPILER_GLOBAL_ACCENT_COLOR_NAME = AccentColor;
				CODE_SIGN_STYLE = Automatic;
				DEVELOPMENT_ASSET_PATHS = "\"CarTrackRepo/Preview Content\"";
				DEVELOPMENT_TEAM = 3CJV45Q95J;
				ENABLE_PREVIEWS = YES;
				INFOPLIST_FILE = CarTrackRepo/Info.plist;
				IPHONEOS_DEPLOYMENT_TARGET = 14.0;
				LD_RUNPATH_SEARCH_PATHS = (
					"$(inherited)",
					"@executable_path/Frameworks",
				);
				PRODUCT_BUNDLE_IDENTIFIER = com.carTrack.CarTrackRepo;
				PRODUCT_NAME = "$(TARGET_NAME)";
				SWIFT_VERSION = 5.0;
				TARGETED_DEVICE_FAMILY = "1,2";
			};
			name = Release;
		};
		1538A697266BA26E00257F67 /* Debug */ = {
			isa = XCBuildConfiguration;
			buildSettings = {
				ALWAYS_EMBED_SWIFT_STANDARD_LIBRARIES = YES;
				BUNDLE_LOADER = "$(TEST_HOST)";
				CODE_SIGN_STYLE = Automatic;
				DEVELOPMENT_TEAM = 3CJV45Q95J;
				INFOPLIST_FILE = CarTrackRepoTests/Info.plist;
				IPHONEOS_DEPLOYMENT_TARGET = 14.0;
				LD_RUNPATH_SEARCH_PATHS = (
					"$(inherited)",
					"@executable_path/Frameworks",
					"@loader_path/Frameworks",
				);
				PRODUCT_BUNDLE_IDENTIFIER = com.carTrack.CarTrackRepoTests;
				PRODUCT_NAME = "$(TARGET_NAME)";
				SWIFT_VERSION = 5.0;
				TARGETED_DEVICE_FAMILY = "1,2";
				TEST_HOST = "$(BUILT_PRODUCTS_DIR)/CarTrackRepo.app/CarTrackRepo";
			};
			name = Debug;
		};
		1538A698266BA26E00257F67 /* Release */ = {
			isa = XCBuildConfiguration;
			buildSettings = {
				ALWAYS_EMBED_SWIFT_STANDARD_LIBRARIES = YES;
				BUNDLE_LOADER = "$(TEST_HOST)";
				CODE_SIGN_STYLE = Automatic;
				DEVELOPMENT_TEAM = 3CJV45Q95J;
				INFOPLIST_FILE = CarTrackRepoTests/Info.plist;
				IPHONEOS_DEPLOYMENT_TARGET = 14.0;
				LD_RUNPATH_SEARCH_PATHS = (
					"$(inherited)",
					"@executable_path/Frameworks",
					"@loader_path/Frameworks",
				);
				PRODUCT_BUNDLE_IDENTIFIER = com.carTrack.CarTrackRepoTests;
				PRODUCT_NAME = "$(TARGET_NAME)";
				SWIFT_VERSION = 5.0;
				TARGETED_DEVICE_FAMILY = "1,2";
				TEST_HOST = "$(BUILT_PRODUCTS_DIR)/CarTrackRepo.app/CarTrackRepo";
			};
			name = Release;
		};
		1538A69A266BA26E00257F67 /* Debug */ = {
			isa = XCBuildConfiguration;
			buildSettings = {
				ALWAYS_EMBED_SWIFT_STANDARD_LIBRARIES = YES;
				CODE_SIGN_STYLE = Automatic;
				DEVELOPMENT_TEAM = 3CJV45Q95J;
				INFOPLIST_FILE = CarTrackRepoUITests/Info.plist;
				LD_RUNPATH_SEARCH_PATHS = (
					"$(inherited)",
					"@executable_path/Frameworks",
					"@loader_path/Frameworks",
				);
				PRODUCT_BUNDLE_IDENTIFIER = com.carTrack.CarTrackRepoUITests;
				PRODUCT_NAME = "$(TARGET_NAME)";
				SWIFT_VERSION = 5.0;
				TARGETED_DEVICE_FAMILY = "1,2";
				TEST_TARGET_NAME = CarTrackRepo;
			};
			name = Debug;
		};
		1538A69B266BA26E00257F67 /* Release */ = {
			isa = XCBuildConfiguration;
			buildSettings = {
				ALWAYS_EMBED_SWIFT_STANDARD_LIBRARIES = YES;
				CODE_SIGN_STYLE = Automatic;
				DEVELOPMENT_TEAM = 3CJV45Q95J;
				INFOPLIST_FILE = CarTrackRepoUITests/Info.plist;
				LD_RUNPATH_SEARCH_PATHS = (
					"$(inherited)",
					"@executable_path/Frameworks",
					"@loader_path/Frameworks",
				);
				PRODUCT_BUNDLE_IDENTIFIER = com.carTrack.CarTrackRepoUITests;
				PRODUCT_NAME = "$(TARGET_NAME)";
				SWIFT_VERSION = 5.0;
				TARGETED_DEVICE_FAMILY = "1,2";
				TEST_TARGET_NAME = CarTrackRepo;
			};
			name = Release;
		};
/* End XCBuildConfiguration section */

/* Begin XCConfigurationList section */
		1538A669266BA26D00257F67 /* Build configuration list for PBXProject "CarTrackRepo" */ = {
			isa = XCConfigurationList;
			buildConfigurations = (
				1538A691266BA26E00257F67 /* Debug */,
				1538A692266BA26E00257F67 /* Release */,
			);
			defaultConfigurationIsVisible = 0;
			defaultConfigurationName = Release;
		};
		1538A693266BA26E00257F67 /* Build configuration list for PBXNativeTarget "CarTrackRepo" */ = {
			isa = XCConfigurationList;
			buildConfigurations = (
				1538A694266BA26E00257F67 /* Debug */,
				1538A695266BA26E00257F67 /* Release */,
			);
			defaultConfigurationIsVisible = 0;
			defaultConfigurationName = Release;
		};
		1538A696266BA26E00257F67 /* Build configuration list for PBXNativeTarget "CarTrackRepoTests" */ = {
			isa = XCConfigurationList;
			buildConfigurations = (
				1538A697266BA26E00257F67 /* Debug */,
				1538A698266BA26E00257F67 /* Release */,
			);
			defaultConfigurationIsVisible = 0;
			defaultConfigurationName = Release;
		};
		1538A699266BA26E00257F67 /* Build configuration list for PBXNativeTarget "CarTrackRepoUITests" */ = {
			isa = XCConfigurationList;
			buildConfigurations = (
				1538A69A266BA26E00257F67 /* Debug */,
				1538A69B266BA26E00257F67 /* Release */,
			);
			defaultConfigurationIsVisible = 0;
			defaultConfigurationName = Release;
		};
/* End XCConfigurationList section */
	};
	rootObject = 1538A666266BA26D00257F67 /* Project object */;
}
